// !$*UTF8*$!
{
	archiveVersion = 1;
	classes = {
	};
	objectVersion = 46;
	objects = {

/* Begin PBXBuildFile section */
		1858A3481D936C490058EF3B /* AppDelegate.swift in Sources */ = {isa = PBXBuildFile; fileRef = 1858A3471D936C490058EF3B /* AppDelegate.swift */; };
		1858A34A1D936C490058EF3B /* ViewController.swift in Sources */ = {isa = PBXBuildFile; fileRef = 1858A3491D936C490058EF3B /* ViewController.swift */; };
		1858A34D1D936C490058EF3B /* Main.storyboard in Resources */ = {isa = PBXBuildFile; fileRef = 1858A34B1D936C490058EF3B /* Main.storyboard */; };
		1858A34F1D936C490058EF3B /* Assets.xcassets in Resources */ = {isa = PBXBuildFile; fileRef = 1858A34E1D936C490058EF3B /* Assets.xcassets */; };
		1858A3521D936C490058EF3B /* LaunchScreen.storyboard in Resources */ = {isa = PBXBuildFile; fileRef = 1858A3501D936C490058EF3B /* LaunchScreen.storyboard */; };
		1858A35A1D936C840058EF3B /* UIView+Constaint.swift in Sources */ = {isa = PBXBuildFile; fileRef = 1858A3591D936C840058EF3B /* UIView+Constaint.swift */; };
/* End PBXBuildFile section */

/* Begin PBXFileReference section */
		1858A3441D936C490058EF3B /* myconstaint.app */ = {isa = PBXFileReference; explicitFileType = wrapper.application; includeInIndex = 0; path = myconstaint.app; sourceTree = BUILT_PRODUCTS_DIR; };
		1858A3471D936C490058EF3B /* AppDelegate.swift */ = {isa = PBXFileReference; lastKnownFileType = sourcecode.swift; path = AppDelegate.swift; sourceTree = "<group>"; };
		1858A3491D936C490058EF3B /* ViewController.swift */ = {isa = PBXFileReference; lastKnownFileType = sourcecode.swift; path = ViewController.swift; sourceTree = "<group>"; };
		1858A34C1D936C490058EF3B /* Base */ = {isa = PBXFileReference; lastKnownFileType = file.storyboard; name = Base; path = Base.lproj/Main.storyboard; sourceTree = "<group>"; };
		1858A34E1D936C490058EF3B /* Assets.xcassets */ = {isa = PBXFileReference; lastKnownFileType = folder.assetcatalog; path = Assets.xcassets; sourceTree = "<group>"; };
		1858A3511D936C490058EF3B /* Base */ = {isa = PBXFileReference; lastKnownFileType = file.storyboard; name = Base; path = Base.lproj/LaunchScreen.storyboard; sourceTree = "<group>"; };
		1858A3531D936C490058EF3B /* Info.plist */ = {isa = PBXFileReference; lastKnownFileType = text.plist.xml; path = Info.plist; sourceTree = "<group>"; };
		1858A3591D936C840058EF3B /* UIView+Constaint.swift */ = {isa = PBXFileReference; fileEncoding = 4; lastKnownFileType = sourcecode.swift; path = "UIView+Constaint.swift"; sourceTree = "<group>"; };
/* End PBXFileReference section */

/* Begin PBXFrameworksBuildPhase section */
		1858A3411D936C490058EF3B /* Frameworks */ = {
			isa = PBXFrameworksBuildPhase;
			buildActionMask = 2147483647;
			files = (
			);
			runOnlyForDeploymentPostprocessing = 0;
		};
/* End PBXFrameworksBuildPhase section */

/* Begin PBXGroup section */
		1858A33B1D936C490058EF3B = {
			isa = PBXGroup;
			children = (
				1858A3461D936C490058EF3B /* myconstaint */,
				1858A3451D936C490058EF3B /* Products */,
			);
			sourceTree = "<group>";
		};
		1858A3451D936C490058EF3B /* Products */ = {
			isa = PBXGroup;
			children = (
				1858A3441D936C490058EF3B /* myconstaint.app */,
			);
			name = Products;
			sourceTree = "<group>";
		};
		1858A3461D936C490058EF3B /* myconstaint */ = {
			isa = PBXGroup;
			children = (
				1858A3471D936C490058EF3B /* AppDelegate.swift */,
				1858A3591D936C840058EF3B /* UIView+Constaint.swift */,
				1858A3491D936C490058EF3B /* ViewController.swift */,
				1858A34B1D936C490058EF3B /* Main.storyboard */,
				1858A34E1D936C490058EF3B /* Assets.xcassets */,
				1858A3501D936C490058EF3B /* LaunchScreen.storyboard */,
				1858A3531D936C490058EF3B /* Info.plist */,
			);
			path = myconstaint;
			sourceTree = "<group>";
		};
/* End PBXGroup section */

/* Begin PBXNativeTarget section */
		1858A3431D936C490058EF3B /* myconstaint */ = {
			isa = PBXNativeTarget;
			buildConfigurationList = 1858A3561D936C490058EF3B /* Build configuration list for PBXNativeTarget "myconstaint" */;
			buildPhases = (
				1858A3401D936C490058EF3B /* Sources */,
				1858A3411D936C490058EF3B /* Frameworks */,
				1858A3421D936C490058EF3B /* Resources */,
			);
			buildRules = (
			);
			dependencies = (
			);
			name = myconstaint;
			productName = myconstaint;
			productReference = 1858A3441D936C490058EF3B /* myconstaint.app */;
			productType = "com.apple.product-type.application";
		};
/* End PBXNativeTarget section */

/* Begin PBXProject section */
		1858A33C1D936C490058EF3B /* Project object */ = {
			isa = PBXProject;
			attributes = {
				LastSwiftUpdateCheck = 0800;
				LastUpgradeCheck = 0800;
				ORGANIZATIONNAME = huangqingsong;
				TargetAttributes = {
					1858A3431D936C490058EF3B = {
						CreatedOnToolsVersion = 8.0;
						ProvisioningStyle = Automatic;
					};
				};
			};
			buildConfigurationList = 1858A33F1D936C490058EF3B /* Build configuration list for PBXProject "myconstaint" */;
			compatibilityVersion = "Xcode 3.2";
			developmentRegion = English;
			hasScannedForEncodings = 0;
			knownRegions = (
				en,
				Base,
			);
			mainGroup = 1858A33B1D936C490058EF3B;
			productRefGroup = 1858A3451D936C490058EF3B /* Products */;
			projectDirPath = "";
			projectRoot = "";
			targets = (
				1858A3431D936C490058EF3B /* myconstaint */,
			);
		};
/* End PBXProject section */

/* Begin PBXResourcesBuildPhase section */
		1858A3421D936C490058EF3B /* Resources */ = {
			isa = PBXResourcesBuildPhase;
			buildActionMask = 2147483647;
			files = (
				1858A3521D936C490058EF3B /* LaunchScreen.storyboard in Resources */,
				1858A34F1D936C490058EF3B /* Assets.xcassets in Resources */,
				1858A34D1D936C490058EF3B /* Main.storyboard in Resources */,
			);
			runOnlyForDeploymentPostprocessing = 0;
		};
/* End PBXResourcesBuildPhase section */

/* Begin PBXSourcesBuildPhase section */
		1858A3401D936C490058EF3B /* Sources */ = {
			isa = PBXSourcesBuildPhase;
			buildActionMask = 2147483647;
			files = (
				1858A35A1D936C840058EF3B /* UIView+Constaint.swift in Sources */,
				1858A34A1D936C490058EF3B /* ViewController.swift in Sources */,
				1858A3481D936C490058EF3B /* AppDelegate.swift in Sources */,
			);
			runOnlyForDeploymentPostprocessing = 0;
		};
/* End PBXSourcesBuildPhase section */

/* Begin PBXVariantGroup section */
		1858A34B1D936C490058EF3B /* Main.storyboard */ = {
			isa = PBXVariantGroup;
			children = (
				1858A34C1D936C490058EF3B /* Base */,
			);
			name = Main.storyboard;
			sourceTree = "<group>";
		};
		1858A3501D936C490058EF3B /* LaunchScreen.storyboard */ = {
			isa = PBXVariantGroup;
			children = (
				1858A3511D936C490058EF3B /* Base */,
			);
			name = LaunchScreen.storyboard;
			sourceTree = "<group>";
		};
/* End PBXVariantGroup section */

/* Begin XCBuildConfiguration section */
		1858A3541D936C490058EF3B /* Debug */ = {
			isa = XCBuildConfiguration;
			buildSettings = {
				ALWAYS_SEARCH_USER_PATHS = NO;
				CLANG_ANALYZER_NONNULL = YES;
				CLANG_CXX_LANGUAGE_STANDARD = "gnu++0x";
				CLANG_CXX_LIBRARY = "libc++";
				CLANG_ENABLE_MODULES = YES;
				CLANG_ENABLE_OBJC_ARC = YES;
				CLANG_WARN_BOOL_CONVERSION = YES;
				CLANG_WARN_CONSTANT_CONVERSION = YES;
				CLANG_WARN_DIRECT_OBJC_ISA_USAGE = YES_ERROR;
				CLANG_WARN_DOCUMENTATION_COMMENTS = YES;
				CLANG_WARN_EMPTY_BODY = YES;
				CLANG_WARN_ENUM_CONVERSION = YES;
				CLANG_WARN_INFINITE_RECURSION = YES;
				CLANG_WARN_INT_CONVERSION = YES;
				CLANG_WARN_OBJC_ROOT_CLASS = YES_ERROR;
				CLANG_WARN_SUSPICIOUS_MOVES = YES;
				CLANG_WARN_UNREACHABLE_CODE = YES;
				CLANG_WARN__DUPLICATE_METHOD_MATCH = YES;
				"CODE_SIGN_IDENTITY[sdk=iphoneos*]" = "iPhone Developer";
				COPY_PHASE_STRIP = NO;
				DEBUG_INFORMATION_FORMAT = dwarf;
				ENABLE_STRICT_OBJC_MSGSEND = YES;
				ENABLE_TESTABILITY = YES;
				GCC_C_LANGUAGE_STANDARD = gnu99;
				GCC_DYNAMIC_NO_PIC = NO;
				GCC_NO_COMMON_BLOCKS = YES;
				GCC_OPTIMIZATION_LEVEL = 0;
				GCC_PREPROCESSOR_DEFINITIONS = (
					"DEBUG=1",
					"$(inherited)",
				);
				GCC_WARN_64_TO_32_BIT_CONVERSION = YES;
				GCC_WARN_ABOUT_RETURN_TYPE = YES_ERROR;
				GCC_WARN_UNDECLARED_SELECTOR = YES;
				GCC_WARN_UNINITIALIZED_AUTOS = YES_AGGRESSIVE;
				GCC_WARN_UNUSED_FUNCTION = YES;
				GCC_WARN_UNUSED_VARIABLE = YES;
				IPHONEOS_DEPLOYMENT_TARGET = 10.0;
				MTL_ENABLE_DEBUG_INFO = YES;
				ONLY_ACTIVE_ARCH = YES;
				SDKROOT = iphoneos;
				SWIFT_ACTIVE_COMPILATION_CONDITIONS = DEBUG;
				SWIFT_OPTIMIZATION_LEVEL = "-Onone";
			};
			name = Debug;
		};
		1858A3551D936C490058EF3B /* Release */ = {
			isa = XCBuildConfiguration;
			buildSettings = {
				ALWAYS_SEARCH_USER_PATHS = NO;
				CLANG_ANALYZER_NONNULL = YES;
				CLANG_CXX_LANGUAGE_STANDARD = "gnu++0x";
				CLANG_CXX_LIBRARY = "libc++";
				CLANG_ENABLE_MODULES = YES;
				CLANG_ENABLE_OBJC_ARC = YES;
				CLANG_WARN_BOOL_CONVERSION = YES;
				CLANG_WARN_CONSTANT_CONVERSION = YES;
				CLANG_WARN_DIRECT_OBJC_ISA_USAGE = YES_ERROR;
				CLANG_WARN_DOCUMENTATION_COMMENTS = YES;
				CLANG_WARN_EMPTY_BODY = YES;
				CLANG_WARN_ENUM_CONVERSION = YES;
				CLANG_WARN_INFINITE_RECURSION = YES;
				CLANG_WARN_INT_CONVERSION = YES;
				CLANG_WARN_OBJC_ROOT_CLASS = YES_ERROR;
				CLANG_WARN_SUSPICIOUS_MOVES = YES;
				CLANG_WARN_UNREACHABLE_CODE = YES;
				CLANG_WARN__DUPLICATE_METHOD_MATCH = YES;
				"CODE_SIGN_IDENTITY[sdk=iphoneos*]" = "iPhone Developer";
				COPY_PHASE_STRIP = NO;
				DEBUG_INFORMATION_FORMAT = "dwarf-with-dsym";
				ENABLE_NS_ASSERTIONS = NO;
				ENABLE_STRICT_OBJC_MSGSEND = YES;
				GCC_C_LANGUAGE_STANDARD = gnu99;
				GCC_NO_COMMON_BLOCKS = YES;
				GCC_WARN_64_TO_32_BIT_CONVERSION = YES;
				GCC_WARN_ABOUT_RETURN_TYPE = YES_ERROR;
				GCC_WARN_UNDECLARED_SELECTOR = YES;
				GCC_WARN_UNINITIALIZED_AUTOS = YES_AGGRESSIVE;
				GCC_WARN_UNUSED_FUNCTION = YES;
				GCC_WARN_UNUSED_VARIABLE = YES;
				IPHONEOS_DEPLOYMENT_TARGET = 10.0;
				MTL_ENABLE_DEBUG_INFO = NO;
				SDKROOT = iphoneos;
				SWIFT_OPTIMIZATION_LEVEL = "-Owholemodule";
				VALIDATE_PRODUCT = YES;
			};
			name = Release;
		};
		1858A3571D936C490058EF3B /* Debug */ = {
			isa = XCBuildConfiguration;
			buildSettings = {
				ASSETCATALOG_COMPILER_APPICON_NAME = AppIcon;
				INFOPLIST_FILE = myconstaint/Info.plist;
				LD_RUNPATH_SEARCH_PATHS = "$(inherited) @executable_path/Frameworks";
				PRODUCT_BUNDLE_IDENTIFIER = FSTM.myconstaint;
				PRODUCT_NAME = "$(TARGET_NAME)";
				SWIFT_VERSION = 3.0;
			};
			name = Debug;
		};
		1858A3581D936C490058EF3B /* Release */ = {
			isa = XCBuildConfiguration;
			buildSettings = {
				ASSETCATALOG_COMPILER_APPICON_NAME = AppIcon;
				INFOPLIST_FILE = myconstaint/Info.plist;
				LD_RUNPATH_SEARCH_PATHS = "$(inherited) @executable_path/Frameworks";
				PRODUCT_BUNDLE_IDENTIFIER = FSTM.myconstaint;
				PRODUCT_NAME = "$(TARGET_NAME)";
				SWIFT_VERSION = 3.0;
			};
			name = Release;
		};
/* End XCBuildConfiguration section */

/* Begin XCConfigurationList section */
		1858A33F1D936C490058EF3B /* Build configuration list for PBXProject "myconstaint" */ = {
			isa = XCConfigurationList;
			buildConfigurations = (
				1858A3541D936C490058EF3B /* Debug */,
				1858A3551D936C490058EF3B /* Release */,
			);
			defaultConfigurationIsVisible = 0;
			defaultConfigurationName = Release;
		};
		1858A3561D936C490058EF3B /* Build configuration list for PBXNativeTarget "myconstaint" */ = {
			isa = XCConfigurationList;
			buildConfigurations = (
				1858A3571D936C490058EF3B /* Debug */,
				1858A3581D936C490058EF3B /* Release */,
			);
			defaultConfigurationIsVisible = 0;
		};
/* End XCConfigurationList section */
	};
	rootObject = 1858A33C1D936C490058EF3B /* Project object */;
}
